<?xml version="1.0" encoding="utf-8"?>
<Project ToolsVersion="4.0" xmlns="http://schemas.microsoft.com/developer/msbuild/2003">
  <ItemGroup>
    <Filter Include="Source Files">
      <UniqueIdentifier>{4FC737F1-C7A5-4376-A066-2A32D752A2FF}</UniqueIdentifier>
      <Extensions>cpp;c;cc;cxx;def;odl;idl;hpj;bat;asm;asmx</Extensions>
    </Filter>
    <Filter Include="Header Files">
      <UniqueIdentifier>{93995380-89BD-4b04-88EB-625FBE52EBFB}</UniqueIdentifier>
      <Extensions>h;hh;hpp;hxx;hm;inl;inc;ipp;xsd</Extensions>
    </Filter>
    <Filter Include="Resource Files">
      <UniqueIdentifier>{67DA6AB6-F800-4c08-8B7A-83BB121AAD01}</UniqueIdentifier>
      <Extensions>rc;ico;cur;bmp;dlg;rc2;rct;bin;rgs;gif;jpg;jpeg;jpe;resx;tiff;tif;png;wav;mfcribbon-ms</Extensions>
    </Filter>
  </ItemGroup>
  <ItemGroup>
    <ClInclude Include="kraDevice.h">
      <Filter>Header Files</Filter>
    </ClInclude>
    <ClInclude Include="kraDeviceContext.h">
      <Filter>Header Files</Filter>
    </ClInclude>
    <ClInclude Include="kraSwapChain.h">
      <Filter>Header Files</Filter>
    </ClInclude>
    <ClInclude Include="kraInputLayout.h">
      <Filter>Header Files</Filter>
    </ClInclude>
    <ClInclude Include="kraSamplerState.h">
      <Filter>Header Files</Filter>
    </ClInclude>
    <ClInclude Include="kraTexture.h">
      <Filter>Header Files</Filter>
    </ClInclude>
    <ClInclude Include="kraGraphicsBuffer.h">
      <Filter>Header Files</Filter>
    </ClInclude>
    <ClInclude Include="kraIndexBuffer.h">
      <Filter>Header Files</Filter>
    </ClInclude>
    <ClInclude Include="kraVertexBuffer.h">
      <Filter>Header Files</Filter>
    </ClInclude>
    <ClInclude Include="kraConstantBuffer.h">
      <Filter>Header Files</Filter>
    </ClInclude>
    <ClInclude Include="kraShader.h">
      <Filter>Header Files</Filter>
    </ClInclude>
    <ClInclude Include="kraVertexShader.h">
      <Filter>Header Files</Filter>
    </ClInclude>
    <ClInclude Include="kraPixelShader.h">
      <Filter>Header Files</Filter>
    </ClInclude>
    <ClInclude Include="kraRenderTargetView.h">
      <Filter>Header Files</Filter>
    </ClInclude>
    <ClInclude Include="kraViewPort.h">
      <Filter>Header Files</Filter>
    </ClInclude>
    <ClInclude Include="kraRasterizerState.h">
      <Filter>Header Files</Filter>
    </ClInclude>
    <ClInclude Include="kraDepthStencilState.h">
      <Filter>Header Files</Filter>
    </ClInclude>
    <ClInclude Include="kraDepthStencilView.h">
      <Filter>Header Files</Filter>
    </ClInclude>
    <ClInclude Include="kraSahderResourceView.h">
      <Filter>Header Files</Filter>
    </ClInclude>
    <ClInclude Include="kraGraphicsDXPrequisites.h">
      <Filter>Header Files</Filter>
    </ClInclude>
  </ItemGroup>
  <ItemGroup>
    <ClCompile Include="kraDevice.cpp">
      <Filter>Source Files</Filter>
    </ClCompile>
    <ClCompile Include="kraDeviceContext.cpp">
      <Filter>Source Files</Filter>
    </ClCompile>
    <ClCompile Include="kraSwapChain.cpp">
      <Filter>Source Files</Filter>
    </ClCompile>
    <ClCompile Include="kraInputLayout.cpp">
      <Filter>Source Files</Filter>
    </ClCompile>
    <ClCompile Include="kraSamplerState.cpp">
      <Filter>Source Files</Filter>
    </ClCompile>
    <ClCompile Include="kraTexture.cpp">
      <Filter>Source Files</Filter>
    </ClCompile>
    <ClCompile Include="kraGraphicsBuffer.cpp">
      <Filter>Source Files</Filter>
    </ClCompile>
    <ClCompile Include="kraIndexBuffer.cpp">
      <Filter>Source Files</Filter>
    </ClCompile>
    <ClCompile Include="kraVertexBuffer.cpp">
      <Filter>Source Files</Filter>
    </ClCompile>
    <ClCompile Include="kraConstantBuffer.cpp">
      <Filter>Source Files</Filter>
    </ClCompile>
    <ClCompile Include="kraShader.cpp">
      <Filter>Source Files</Filter>
    </ClCompile>
    <ClCompile Include="kraVertexShader.cpp">
      <Filter>Source Files</Filter>
    </ClCompile>
    <ClCompile Include="kraPixelShader.cpp">
      <Filter>Source Files</Filter>
    </ClCompile>
    <ClCompile Include="kraRenderTargetView.cpp">
      <Filter>Source Files</Filter>
    </ClCompile>
    <ClCompile Include="kraViewPort.cpp">
      <Filter>Source Files</Filter>
    </ClCompile>
    <ClCompile Include="kraRasterizerState.cpp">
      <Filter>Source Files</Filter>
    </ClCompile>
    <ClCompile Include="kraDepthStencilState.cpp">
      <Filter>Source Files</Filter>
    </ClCompile>
    <ClCompile Include="kraDepthStencilView.cpp">
      <Filter>Source Files</Filter>
    </ClCompile>
    <ClCompile Include="kraSahderResourceView.cpp">
      <Filter>Source Files</Filter>
    </ClCompile>
  </ItemGroup>
</Project>